
Microsoft Visual Studio Solution File, Format Version 12.00
# Visual Studio 15
VisualStudioVersion = 15.0.28307.329
MinimumVisualStudioVersion = 10.0.40219.1
Project("{FAE04EC0-301F-11D3-BF4B-00C04F79EFBC}") = "WordType_2", "WordType\WordType_2.csproj", "{38772DCA-A855-4B17-B7B1-B614DE8AC155}"
EndProject
Project("{FAE04EC0-301F-11D3-BF4B-00C04F79EFBC}") = "Speed-type_wpf", "Speed-type_wpf\Speed-type_wpf.csproj", "{B84191D8-39DB-4484-9003-DD44F40796B8}"
EndProject
Global
	GlobalSection(SolutionConfigurationPlatforms) = preSolution
		Debug|Any CPU = Debug|Any CPU
		Release|Any CPU = Release|Any CPU
	EndGlobalSection
	GlobalSection(ProjectConfigurationPlatforms) = postSolution
		{38772DCA-A855-4B17-B7B1-B614DE8AC155}.Debug|Any CPU.ActiveCfg = Debug|Any CPU
		{38772DCA-A855-4B17-B7B1-B614DE8AC155}.Debug|Any CPU.Build.0 = Debug|Any CPU
		{38772DCA-A855-4B17-B7B1-B614DE8AC155}.Release|Any CPU.ActiveCfg = Release|Any CPU
		{38772DCA-A855-4B17-B7B1-B614DE8AC155}.Release|Any CPU.Build.0 = Release|Any CPU
		{B84191D8-39DB-4484-9003-DD44F40796B8}.Debug|Any CPU.ActiveCfg = Debug|Any CPU
		{B84191D8-39DB-4484-9003-DD44F40796B8}.Debug|Any CPU.Build.0 = Debug|Any CPU
		{B84191D8-39DB-4484-9003-DD44F40796B8}.Release|Any CPU.ActiveCfg = Release|Any CPU
		{B84191D8-39DB-4484-9003-DD44F40796B8}.Release|Any CPU.Build.0 = Release|Any CPU
	EndGlobalSection
	GlobalSection(SolutionProperties) = preSolution
		HideSolutionNode = FALSE
	EndGlobalSection
	GlobalSection(ExtensibilityGlobals) = postSolution
		SolutionGuid = {EBD9BCDC-BDBF-4757-8E76-6DECFAEFFBB0}
	EndGlobalSection
EndGlobal
