
Microsoft Visual Studio Solution File, Format Version 12.00
# Visual Studio 15
VisualStudioVersion = 15.0.28307.329
MinimumVisualStudioVersion = 10.0.40219.1
Project("{FAE04EC0-301F-11D3-BF4B-00C04F79EFBC}") = "Lab_01_test", "Lab_01_test\Lab_01_test.csproj", "{CF020756-6ECB-4000-8367-C19CFFEF3BDB}"
EndProject
Project("{FAE04EC0-301F-11D3-BF4B-00C04F79EFBC}") = "Lab_02_OOP", "Lab_02_OOP\Lab_02_OOP.csproj", "{C970EC52-40FB-46E5-99CE-F9D026485392}"
EndProject
Project("{FAE04EC0-301F-11D3-BF4B-00C04F79EFBC}") = "Lab_03_oop", "lab_03_oop\Lab_03_oop.csproj", "{04E271F5-AC27-4107-94D1-A838D08B8438}"
EndProject
Project("{9A19103F-16F7-4668-BE54-9A1E7A4F7556}") = "Lab_04_array", "lab_04_array\Lab_04_array.csproj", "{84DE9FE1-9CC2-4EC5-AB1B-73A33B8CAF0E}"
EndProject
Project("{FAE04EC0-301F-11D3-BF4B-00C04F79EFBC}") = "Lab_04_array_test", "lab_04_array_test\Lab_04_array_test.csproj", "{1CA9EFDC-C11A-48A6-A41F-2DE5F6C8009D}"
EndProject
Project("{FAE04EC0-301F-11D3-BF4B-00C04F79EFBC}") = "Lab_06_Wpf", "Lab_06_Wpf\Lab_06_Wpf.csproj", "{816C0F6D-0658-4667-8E3B-8F58BDC7040C}"
EndProject
Project("{FAE04EC0-301F-11D3-BF4B-00C04F79EFBC}") = "Lab_07_files", "Lab_07_files\Lab_07_files.csproj", "{F0D7F740-F0CD-4D3D-B033-E58FAB512FB6}"
EndProject
Project("{FAE04EC0-301F-11D3-BF4B-00C04F79EFBC}") = "Lab_104_array_list_queue_stack_dict_01", "Lab_104_array_list_queue_stack_dict_01\Lab_104_array_list_queue_stack_dict_01.csproj", "{FED84184-715E-42CC-959E-B73C4030629B}"
EndProject
Project("{FAE04EC0-301F-11D3-BF4B-00C04F79EFBC}") = "Lab_09_xml", "Lab_09_xml\Lab_09_xml.csproj", "{228C8104-CE26-4F20-B898-495EFA390C06}"
EndProject
Project("{FAE04EC0-301F-11D3-BF4B-00C04F79EFBC}") = "Lab_101_speedtyping_1", "lab_101_speedtype_1\Lab_101_speedtyping_1.csproj", "{0809A1AE-237C-4EE0-8FF6-49260E517319}"
EndProject
Project("{FAE04EC0-301F-11D3-BF4B-00C04F79EFBC}") = "Lab_101_speedtyping_2", "lab_101_speedtype_2\Lab_101_speedtyping_2.csproj", "{6D92F7D0-40BB-4670-AFEC-4C63165908F6}"
EndProject
Project("{FAE04EC0-301F-11D3-BF4B-00C04F79EFBC}") = "Lab_102_speedtype_gui", "lab_101_speedtype_gui\Lab_102_speedtype_gui.csproj", "{608E1641-BD59-424D-BB2F-C12ECE181770}"
EndProject
Project("{FAE04EC0-301F-11D3-BF4B-00C04F79EFBC}") = "Lab_103_production_line", "lab_103_productionline\Lab_103_production_line.csproj", "{BA9C7EFA-9266-49D9-B5DD-3C57801E26B5}"
EndProject
Project("{FAE04EC0-301F-11D3-BF4B-00C04F79EFBC}") = "Lab_105_game_name_and_score_01", "lab_105_game_name_and_score_01\Lab_105_game_name_and_score_01.csproj", "{CD2FAE3E-B4B4-4F3B-A63F-D84CE9F86721}"
EndProject
Project("{FAE04EC0-301F-11D3-BF4B-00C04F79EFBC}") = "Lab_106_game_increase_score_01", "lab_106_game_increase_score_01\Lab_106_game_increase_score_01.csproj", "{76EE47F5-2CB2-45F3-B57A-0AED6491E5F0}"
EndProject
Project("{FAE04EC0-301F-11D3-BF4B-00C04F79EFBC}") = "Lab_107_list_folders_01", "lab_107_list_folders_01\Lab_107_list_folders_01.csproj", "{EE9A2B84-31F0-4E31-84E5-2892E14ADB70}"
EndProject
Project("{FAE04EC0-301F-11D3-BF4B-00C04F79EFBC}") = "Lab_108_list_files_and_folders_01", "lab_108_list_files_and_folders_01\Lab_108_list_files_and_folders_01.csproj", "{2525C74B-9463-4920-8192-4479363F4756}"
EndProject
Project("{FAE04EC0-301F-11D3-BF4B-00C04F79EFBC}") = "Lab_109_new_file_with_content_01", "Lab_109_new_file_with_content_01\Lab_109_new_file_with_content_01.csproj", "{DE3F2C30-DADD-476D-A4D4-7271B126A21F}"
EndProject
Project("{FAE04EC0-301F-11D3-BF4B-00C04F79EFBC}") = "Lab_10_entitiy", "lab_10_entitiy\Lab_10_entitiy.csproj", "{65DED8F3-30DC-4DC0-9C01-6D2F5194BC4A}"
EndProject
Project("{FAE04EC0-301F-11D3-BF4B-00C04F79EFBC}") = "Lab_08_more_files_and_folders", "Lab_08_files_and_folders\Lab_08_more_files_and_folders.csproj", "{4AACB6B1-8581-4C14-8961-8E190BC61937}"
EndProject
Project("{2150E333-8FDC-42A3-9474-1A3956D46DE8}") = "Solution Items", "Solution Items", "{0DD2797C-D243-4808-B6F3-E8BCDE036F91}"
	ProjectSection(SolutionItems) = preProject
		..\README.md = ..\README.md
	EndProjectSection
EndProject
Project("{FAE04EC0-301F-11D3-BF4B-00C04F79EFBC}") = "Lab_112_collections", "Lab_112_collections\Lab_112_collections.csproj", "{8E937530-070C-4ED3-8C36-2B19E7580F7F}"
EndProject
Project("{FAE04EC0-301F-11D3-BF4B-00C04F79EFBC}") = "Labs_Test", "Labs_Test\Labs_Test.csproj", "{155C9622-39F6-4FA5-8C1F-6FD448ED526D}"
EndProject
Project("{FAE04EC0-301F-11D3-BF4B-00C04F79EFBC}") = "WordGame_Project_01", "WordGame_Project_02\WordGame_Project_01.csproj", "{320C1B7F-4E78-46C2-A499-CE0FD894A900}"
EndProject
Project("{FAE04EC0-301F-11D3-BF4B-00C04F79EFBC}") = "lab_11_Entity_GUI2", "lab_11_Entity_GUI2\lab_11_Entity_GUI2.csproj", "{B616215B-A8D3-48B1-A789-F952FF69058D}"
EndProject
Project("{FAE04EC0-301F-11D3-BF4B-00C04F79EFBC}") = "WordGame_Project_03", "WordGame_Project_03\WordGame_Project_03.csproj", "{B3176811-A7AB-403B-87EA-8B6E70CF572E}"
EndProject
Project("{FAE04EC0-301F-11D3-BF4B-00C04F79EFBC}") = "Lab_12_OOP_Revision", "Lab_12_OOP_Revision\Lab_12_OOP_Revision.csproj", "{5ED29925-BF22-4E57-ADE9-5F1B1D98CB22}"
EndProject
Project("{FAE04EC0-301F-11D3-BF4B-00C04F79EFBC}") = "Lab_13_Polymorphism", "Lab_13_Polymorphism\Lab_13_Polymorphism.csproj", "{E2568F7C-4D3C-46DA-B8B2-3B08DF126109}"
EndProject
Project("{FAE04EC0-301F-11D3-BF4B-00C04F79EFBC}") = "Lab_113_ArrayList", "Lab_113_ArrayList\Lab_113_ArrayList.csproj", "{BA4BF3CB-FFFA-4868-AF2D-1BDAA3232DD7}"
EndProject
Project("{FAE04EC0-301F-11D3-BF4B-00C04F79EFBC}") = "Lab_114_Entity_GUI", "Lab_114_Entity_GUI\Lab_114_Entity_GUI.csproj", "{47DE174B-396C-48C6-AE40-5ED88622AF80}"
EndProject
Project("{FAE04EC0-301F-11D3-BF4B-00C04F79EFBC}") = "Lab_115_Norwthwind_Entity_With_OOP", "Lab_115_Norwthwind_Entity_With_OOP\Lab_115_Norwthwind_Entity_With_OOP.csproj", "{246433E8-0DE0-4226-A85F-6C8E2373FBD7}"
EndProject
Project("{FAE04EC0-301F-11D3-BF4B-00C04F79EFBC}") = "Lab_116", "Lab_116\Lab_116.csproj", "{F99107DB-03DB-4A13-9720-F7331C51A125}"
EndProject
Global
	GlobalSection(SolutionConfigurationPlatforms) = preSolution
		Debug|Any CPU = Debug|Any CPU
		Release|Any CPU = Release|Any CPU
	EndGlobalSection
	GlobalSection(ProjectConfigurationPlatforms) = postSolution
		{CF020756-6ECB-4000-8367-C19CFFEF3BDB}.Debug|Any CPU.ActiveCfg = Debug|Any CPU
		{CF020756-6ECB-4000-8367-C19CFFEF3BDB}.Debug|Any CPU.Build.0 = Debug|Any CPU
		{CF020756-6ECB-4000-8367-C19CFFEF3BDB}.Release|Any CPU.ActiveCfg = Release|Any CPU
		{CF020756-6ECB-4000-8367-C19CFFEF3BDB}.Release|Any CPU.Build.0 = Release|Any CPU
		{C970EC52-40FB-46E5-99CE-F9D026485392}.Debug|Any CPU.ActiveCfg = Debug|Any CPU
		{C970EC52-40FB-46E5-99CE-F9D026485392}.Debug|Any CPU.Build.0 = Debug|Any CPU
		{C970EC52-40FB-46E5-99CE-F9D026485392}.Release|Any CPU.ActiveCfg = Release|Any CPU
		{C970EC52-40FB-46E5-99CE-F9D026485392}.Release|Any CPU.Build.0 = Release|Any CPU
		{04E271F5-AC27-4107-94D1-A838D08B8438}.Debug|Any CPU.ActiveCfg = Debug|Any CPU
		{04E271F5-AC27-4107-94D1-A838D08B8438}.Debug|Any CPU.Build.0 = Debug|Any CPU
		{04E271F5-AC27-4107-94D1-A838D08B8438}.Release|Any CPU.ActiveCfg = Release|Any CPU
		{04E271F5-AC27-4107-94D1-A838D08B8438}.Release|Any CPU.Build.0 = Release|Any CPU
		{84DE9FE1-9CC2-4EC5-AB1B-73A33B8CAF0E}.Debug|Any CPU.ActiveCfg = Debug|Any CPU
		{84DE9FE1-9CC2-4EC5-AB1B-73A33B8CAF0E}.Debug|Any CPU.Build.0 = Debug|Any CPU
		{84DE9FE1-9CC2-4EC5-AB1B-73A33B8CAF0E}.Release|Any CPU.ActiveCfg = Release|Any CPU
		{84DE9FE1-9CC2-4EC5-AB1B-73A33B8CAF0E}.Release|Any CPU.Build.0 = Release|Any CPU
		{1CA9EFDC-C11A-48A6-A41F-2DE5F6C8009D}.Debug|Any CPU.ActiveCfg = Debug|Any CPU
		{1CA9EFDC-C11A-48A6-A41F-2DE5F6C8009D}.Debug|Any CPU.Build.0 = Debug|Any CPU
		{1CA9EFDC-C11A-48A6-A41F-2DE5F6C8009D}.Release|Any CPU.ActiveCfg = Release|Any CPU
		{1CA9EFDC-C11A-48A6-A41F-2DE5F6C8009D}.Release|Any CPU.Build.0 = Release|Any CPU
		{816C0F6D-0658-4667-8E3B-8F58BDC7040C}.Debug|Any CPU.ActiveCfg = Debug|Any CPU
		{816C0F6D-0658-4667-8E3B-8F58BDC7040C}.Debug|Any CPU.Build.0 = Debug|Any CPU
		{816C0F6D-0658-4667-8E3B-8F58BDC7040C}.Release|Any CPU.ActiveCfg = Release|Any CPU
		{816C0F6D-0658-4667-8E3B-8F58BDC7040C}.Release|Any CPU.Build.0 = Release|Any CPU
		{F0D7F740-F0CD-4D3D-B033-E58FAB512FB6}.Debug|Any CPU.ActiveCfg = Debug|Any CPU
		{F0D7F740-F0CD-4D3D-B033-E58FAB512FB6}.Debug|Any CPU.Build.0 = Debug|Any CPU
		{F0D7F740-F0CD-4D3D-B033-E58FAB512FB6}.Release|Any CPU.ActiveCfg = Release|Any CPU
		{F0D7F740-F0CD-4D3D-B033-E58FAB512FB6}.Release|Any CPU.Build.0 = Release|Any CPU
		{FED84184-715E-42CC-959E-B73C4030629B}.Debug|Any CPU.ActiveCfg = Debug|Any CPU
		{FED84184-715E-42CC-959E-B73C4030629B}.Debug|Any CPU.Build.0 = Debug|Any CPU
		{FED84184-715E-42CC-959E-B73C4030629B}.Release|Any CPU.ActiveCfg = Release|Any CPU
		{FED84184-715E-42CC-959E-B73C4030629B}.Release|Any CPU.Build.0 = Release|Any CPU
		{228C8104-CE26-4F20-B898-495EFA390C06}.Debug|Any CPU.ActiveCfg = Debug|Any CPU
		{228C8104-CE26-4F20-B898-495EFA390C06}.Debug|Any CPU.Build.0 = Debug|Any CPU
		{228C8104-CE26-4F20-B898-495EFA390C06}.Release|Any CPU.ActiveCfg = Release|Any CPU
		{228C8104-CE26-4F20-B898-495EFA390C06}.Release|Any CPU.Build.0 = Release|Any CPU
		{0809A1AE-237C-4EE0-8FF6-49260E517319}.Debug|Any CPU.ActiveCfg = Debug|Any CPU
		{0809A1AE-237C-4EE0-8FF6-49260E517319}.Debug|Any CPU.Build.0 = Debug|Any CPU
		{0809A1AE-237C-4EE0-8FF6-49260E517319}.Release|Any CPU.ActiveCfg = Release|Any CPU
		{0809A1AE-237C-4EE0-8FF6-49260E517319}.Release|Any CPU.Build.0 = Release|Any CPU
		{6D92F7D0-40BB-4670-AFEC-4C63165908F6}.Debug|Any CPU.ActiveCfg = Debug|Any CPU
		{6D92F7D0-40BB-4670-AFEC-4C63165908F6}.Debug|Any CPU.Build.0 = Debug|Any CPU
		{6D92F7D0-40BB-4670-AFEC-4C63165908F6}.Release|Any CPU.ActiveCfg = Release|Any CPU
		{6D92F7D0-40BB-4670-AFEC-4C63165908F6}.Release|Any CPU.Build.0 = Release|Any CPU
		{608E1641-BD59-424D-BB2F-C12ECE181770}.Debug|Any CPU.ActiveCfg = Debug|Any CPU
		{608E1641-BD59-424D-BB2F-C12ECE181770}.Debug|Any CPU.Build.0 = Debug|Any CPU
		{608E1641-BD59-424D-BB2F-C12ECE181770}.Release|Any CPU.ActiveCfg = Release|Any CPU
		{608E1641-BD59-424D-BB2F-C12ECE181770}.Release|Any CPU.Build.0 = Release|Any CPU
		{BA9C7EFA-9266-49D9-B5DD-3C57801E26B5}.Debug|Any CPU.ActiveCfg = Debug|Any CPU
		{BA9C7EFA-9266-49D9-B5DD-3C57801E26B5}.Debug|Any CPU.Build.0 = Debug|Any CPU
		{BA9C7EFA-9266-49D9-B5DD-3C57801E26B5}.Release|Any CPU.ActiveCfg = Release|Any CPU
		{BA9C7EFA-9266-49D9-B5DD-3C57801E26B5}.Release|Any CPU.Build.0 = Release|Any CPU
		{CD2FAE3E-B4B4-4F3B-A63F-D84CE9F86721}.Debug|Any CPU.ActiveCfg = Debug|Any CPU
		{CD2FAE3E-B4B4-4F3B-A63F-D84CE9F86721}.Debug|Any CPU.Build.0 = Debug|Any CPU
		{CD2FAE3E-B4B4-4F3B-A63F-D84CE9F86721}.Release|Any CPU.ActiveCfg = Release|Any CPU
		{CD2FAE3E-B4B4-4F3B-A63F-D84CE9F86721}.Release|Any CPU.Build.0 = Release|Any CPU
		{76EE47F5-2CB2-45F3-B57A-0AED6491E5F0}.Debug|Any CPU.ActiveCfg = Debug|Any CPU
		{76EE47F5-2CB2-45F3-B57A-0AED6491E5F0}.Debug|Any CPU.Build.0 = Debug|Any CPU
		{76EE47F5-2CB2-45F3-B57A-0AED6491E5F0}.Release|Any CPU.ActiveCfg = Release|Any CPU
		{76EE47F5-2CB2-45F3-B57A-0AED6491E5F0}.Release|Any CPU.Build.0 = Release|Any CPU
		{EE9A2B84-31F0-4E31-84E5-2892E14ADB70}.Debug|Any CPU.ActiveCfg = Debug|Any CPU
		{EE9A2B84-31F0-4E31-84E5-2892E14ADB70}.Debug|Any CPU.Build.0 = Debug|Any CPU
		{EE9A2B84-31F0-4E31-84E5-2892E14ADB70}.Release|Any CPU.ActiveCfg = Release|Any CPU
		{EE9A2B84-31F0-4E31-84E5-2892E14ADB70}.Release|Any CPU.Build.0 = Release|Any CPU
		{2525C74B-9463-4920-8192-4479363F4756}.Debug|Any CPU.ActiveCfg = Debug|Any CPU
		{2525C74B-9463-4920-8192-4479363F4756}.Debug|Any CPU.Build.0 = Debug|Any CPU
		{2525C74B-9463-4920-8192-4479363F4756}.Release|Any CPU.ActiveCfg = Release|Any CPU
		{2525C74B-9463-4920-8192-4479363F4756}.Release|Any CPU.Build.0 = Release|Any CPU
		{DE3F2C30-DADD-476D-A4D4-7271B126A21F}.Debug|Any CPU.ActiveCfg = Debug|Any CPU
		{DE3F2C30-DADD-476D-A4D4-7271B126A21F}.Debug|Any CPU.Build.0 = Debug|Any CPU
		{DE3F2C30-DADD-476D-A4D4-7271B126A21F}.Release|Any CPU.ActiveCfg = Release|Any CPU
		{DE3F2C30-DADD-476D-A4D4-7271B126A21F}.Release|Any CPU.Build.0 = Release|Any CPU
		{65DED8F3-30DC-4DC0-9C01-6D2F5194BC4A}.Debug|Any CPU.ActiveCfg = Debug|Any CPU
		{65DED8F3-30DC-4DC0-9C01-6D2F5194BC4A}.Debug|Any CPU.Build.0 = Debug|Any CPU
		{65DED8F3-30DC-4DC0-9C01-6D2F5194BC4A}.Release|Any CPU.ActiveCfg = Release|Any CPU
		{65DED8F3-30DC-4DC0-9C01-6D2F5194BC4A}.Release|Any CPU.Build.0 = Release|Any CPU
		{4AACB6B1-8581-4C14-8961-8E190BC61937}.Debug|Any CPU.ActiveCfg = Debug|Any CPU
		{4AACB6B1-8581-4C14-8961-8E190BC61937}.Debug|Any CPU.Build.0 = Debug|Any CPU
		{4AACB6B1-8581-4C14-8961-8E190BC61937}.Release|Any CPU.ActiveCfg = Release|Any CPU
		{4AACB6B1-8581-4C14-8961-8E190BC61937}.Release|Any CPU.Build.0 = Release|Any CPU
		{8E937530-070C-4ED3-8C36-2B19E7580F7F}.Debug|Any CPU.ActiveCfg = Debug|Any CPU
		{8E937530-070C-4ED3-8C36-2B19E7580F7F}.Debug|Any CPU.Build.0 = Debug|Any CPU
		{8E937530-070C-4ED3-8C36-2B19E7580F7F}.Release|Any CPU.ActiveCfg = Release|Any CPU
		{8E937530-070C-4ED3-8C36-2B19E7580F7F}.Release|Any CPU.Build.0 = Release|Any CPU
		{155C9622-39F6-4FA5-8C1F-6FD448ED526D}.Debug|Any CPU.ActiveCfg = Debug|Any CPU
		{155C9622-39F6-4FA5-8C1F-6FD448ED526D}.Debug|Any CPU.Build.0 = Debug|Any CPU
		{155C9622-39F6-4FA5-8C1F-6FD448ED526D}.Release|Any CPU.ActiveCfg = Release|Any CPU
		{155C9622-39F6-4FA5-8C1F-6FD448ED526D}.Release|Any CPU.Build.0 = Release|Any CPU
		{320C1B7F-4E78-46C2-A499-CE0FD894A900}.Debug|Any CPU.ActiveCfg = Debug|Any CPU
		{320C1B7F-4E78-46C2-A499-CE0FD894A900}.Debug|Any CPU.Build.0 = Debug|Any CPU
		{320C1B7F-4E78-46C2-A499-CE0FD894A900}.Release|Any CPU.ActiveCfg = Release|Any CPU
		{320C1B7F-4E78-46C2-A499-CE0FD894A900}.Release|Any CPU.Build.0 = Release|Any CPU
		{B616215B-A8D3-48B1-A789-F952FF69058D}.Debug|Any CPU.ActiveCfg = Debug|Any CPU
		{B616215B-A8D3-48B1-A789-F952FF69058D}.Debug|Any CPU.Build.0 = Debug|Any CPU
		{B616215B-A8D3-48B1-A789-F952FF69058D}.Release|Any CPU.ActiveCfg = Release|Any CPU
		{B616215B-A8D3-48B1-A789-F952FF69058D}.Release|Any CPU.Build.0 = Release|Any CPU
		{B3176811-A7AB-403B-87EA-8B6E70CF572E}.Debug|Any CPU.ActiveCfg = Debug|Any CPU
		{B3176811-A7AB-403B-87EA-8B6E70CF572E}.Debug|Any CPU.Build.0 = Debug|Any CPU
		{B3176811-A7AB-403B-87EA-8B6E70CF572E}.Release|Any CPU.ActiveCfg = Release|Any CPU
		{B3176811-A7AB-403B-87EA-8B6E70CF572E}.Release|Any CPU.Build.0 = Release|Any CPU
		{5ED29925-BF22-4E57-ADE9-5F1B1D98CB22}.Debug|Any CPU.ActiveCfg = Debug|Any CPU
		{5ED29925-BF22-4E57-ADE9-5F1B1D98CB22}.Debug|Any CPU.Build.0 = Debug|Any CPU
		{5ED29925-BF22-4E57-ADE9-5F1B1D98CB22}.Release|Any CPU.ActiveCfg = Release|Any CPU
		{5ED29925-BF22-4E57-ADE9-5F1B1D98CB22}.Release|Any CPU.Build.0 = Release|Any CPU
		{E2568F7C-4D3C-46DA-B8B2-3B08DF126109}.Debug|Any CPU.ActiveCfg = Debug|Any CPU
		{E2568F7C-4D3C-46DA-B8B2-3B08DF126109}.Debug|Any CPU.Build.0 = Debug|Any CPU
		{E2568F7C-4D3C-46DA-B8B2-3B08DF126109}.Release|Any CPU.ActiveCfg = Release|Any CPU
		{E2568F7C-4D3C-46DA-B8B2-3B08DF126109}.Release|Any CPU.Build.0 = Release|Any CPU
		{BA4BF3CB-FFFA-4868-AF2D-1BDAA3232DD7}.Debug|Any CPU.ActiveCfg = Debug|Any CPU
		{BA4BF3CB-FFFA-4868-AF2D-1BDAA3232DD7}.Debug|Any CPU.Build.0 = Debug|Any CPU
		{BA4BF3CB-FFFA-4868-AF2D-1BDAA3232DD7}.Release|Any CPU.ActiveCfg = Release|Any CPU
		{BA4BF3CB-FFFA-4868-AF2D-1BDAA3232DD7}.Release|Any CPU.Build.0 = Release|Any CPU
		{47DE174B-396C-48C6-AE40-5ED88622AF80}.Debug|Any CPU.ActiveCfg = Debug|Any CPU
		{47DE174B-396C-48C6-AE40-5ED88622AF80}.Debug|Any CPU.Build.0 = Debug|Any CPU
		{47DE174B-396C-48C6-AE40-5ED88622AF80}.Release|Any CPU.ActiveCfg = Release|Any CPU
		{47DE174B-396C-48C6-AE40-5ED88622AF80}.Release|Any CPU.Build.0 = Release|Any CPU
		{246433E8-0DE0-4226-A85F-6C8E2373FBD7}.Debug|Any CPU.ActiveCfg = Debug|Any CPU
		{246433E8-0DE0-4226-A85F-6C8E2373FBD7}.Debug|Any CPU.Build.0 = Debug|Any CPU
		{246433E8-0DE0-4226-A85F-6C8E2373FBD7}.Release|Any CPU.ActiveCfg = Release|Any CPU
		{246433E8-0DE0-4226-A85F-6C8E2373FBD7}.Release|Any CPU.Build.0 = Release|Any CPU
		{F99107DB-03DB-4A13-9720-F7331C51A125}.Debug|Any CPU.ActiveCfg = Debug|Any CPU
		{F99107DB-03DB-4A13-9720-F7331C51A125}.Debug|Any CPU.Build.0 = Debug|Any CPU
		{F99107DB-03DB-4A13-9720-F7331C51A125}.Release|Any CPU.ActiveCfg = Release|Any CPU
		{F99107DB-03DB-4A13-9720-F7331C51A125}.Release|Any CPU.Build.0 = Release|Any CPU
	EndGlobalSection
	GlobalSection(SolutionProperties) = preSolution
		HideSolutionNode = FALSE
	EndGlobalSection
	GlobalSection(ExtensibilityGlobals) = postSolution
		SolutionGuid = {C0C27868-A68F-4D71-AD50-7894D500A86D}
	EndGlobalSection
EndGlobal
